
Microsoft Visual Studio Solution File, Format Version 12.00
Project("{FAE04EC0-301F-11D3-BF4B-00C04F79EFBC}") = "RegexTester", "RegexTester\RegexTester.csproj", "{AABC20B8-01DC-404E-874C-42DDF03F6589}"
EndProject
Global
	GlobalSection(SolutionConfigurationPlatforms) = preSolution
		Debug|Any CPU = Debug|Any CPU
		Release|Any CPU = Release|Any CPU
	EndGlobalSection
	GlobalSection(ProjectConfigurationPlatforms) = postSolution
		{AABC20B8-01DC-404E-874C-42DDF03F6589}.Debug|Any CPU.ActiveCfg = Debug|Any CPU
		{AABC20B8-01DC-404E-874C-42DDF03F6589}.Debug|Any CPU.Build.0 = Debug|Any CPU
		{AABC20B8-01DC-404E-874C-42DDF03F6589}.Release|Any CPU.ActiveCfg = Release|Any CPU
		{AABC20B8-01DC-404E-874C-42DDF03F6589}.Release|Any CPU.Build.0 = Release|Any CPU
	EndGlobalSection
EndGlobal
